{
  "name": "comment-h5p-library-version-action",
  "lockfileVersion": 3,
  "requires": true,
  "packages": {
    "": {
      "devDependencies": {
        "prettier": "^3.0.2",
        "prettier-config": "github:boyum/prettier-config"
      }
    },
    "node_modules/prettier": {
      "version": "3.0.2",
      "resolved": "https://registry.npmjs.org/prettier/-/prettier-3.0.2.tgz",
      "integrity": "sha512-o2YR9qtniXvwEZlOKbveKfDQVyqxbEIWn48Z8m3ZJjBjcCmUy3xZGIv+7AkaeuaTr6yPXJjwv07ZWlsWbEy1rQ==",
      "dev": true,
      "bin": {
        "prettier": "bin/prettier.cjs"
      },
      "engines": {
        "node": ">=14"
      },
      "funding": {
        "url": "https://github.com/prettier/prettier?sponsor=1"
      }
    },
    "node_modules/prettier-config": {
      "version": "1.0.0",
      "resolved": "git+ssh://git@github.com/boyum/prettier-config.git#e683c91977387f092b69a4e7069a8bf5afacaf62",
      "dev": true,
      "license": "ISC"
    }
  }
}
