{
  "name": "comment-h5p-library-version-action",
  "lockfileVersion": 3,
  "requires": true,
  "packages": {
    "": {
      "devDependencies": {
        "prettier": "^2.8.8",
        "prettier-config": "github:boyum/prettier-config"
      }
    },
    "node_modules/prettier": {
      "version": "2.8.8",
      "resolved": "https://registry.npmjs.org/prettier/-/prettier-2.8.8.tgz",
      "integrity": "sha512-tdN8qQGvNjw4CHbY+XXk0JgCXn9QiF21a55rBe5LJAU+kDyC4WQn4+awm2Xfk2lQMk5fKup9XgzTZtGkjBdP9Q==",
      "dev": true,
      "bin": {
        "prettier": "bin-prettier.js"
      },
      "engines": {
        "node": ">=10.13.0"
      },
      "funding": {
        "url": "https://github.com/prettier/prettier?sponsor=1"
      }
    },
    "node_modules/prettier-config": {
      "version": "1.0.0",
      "resolved": "git+ssh://git@github.com/boyum/prettier-config.git#e683c91977387f092b69a4e7069a8bf5afacaf62",
      "dev": true,
      "license": "ISC"
    }
  }
}
